
Microsoft Visual Studio Solution File, Format Version 11.00
# Visual Studio 2010
Project("{FAE04EC0-301F-11D3-BF4B-00C04F79EFBC}") = "Fight_the_Dragon", "Assembly-CSharp.csproj", "{49EE85E4-8E90-21B8-87F1-566017E56413}"
EndProject
Global
	GlobalSection(SolutionConfigurationPlatforms) = preSolution
		Debug|Any CPU = Debug|Any CPU
		Release|Any CPU = Release|Any CPU
	EndGlobalSection
	GlobalSection(ProjectConfigurationPlatforms) = postSolution
		{49EE85E4-8E90-21B8-87F1-566017E56413}.Debug|Any CPU.ActiveCfg = Debug|Any CPU
		{49EE85E4-8E90-21B8-87F1-566017E56413}.Debug|Any CPU.Build.0 = Debug|Any CPU
		{49EE85E4-8E90-21B8-87F1-566017E56413}.Release|Any CPU.ActiveCfg = Release|Any CPU
		{49EE85E4-8E90-21B8-87F1-566017E56413}.Release|Any CPU.Build.0 = Release|Any CPU
	EndGlobalSection
	GlobalSection(SolutionProperties) = preSolution
		HideSolutionNode = FALSE
	EndGlobalSection
	GlobalSection(MonoDevelopProperties) = preSolution
		StartupItem = Assembly-CSharp.csproj
	EndGlobalSection
EndGlobal
